
Microsoft Visual Studio Solution File, Format Version 12.00
# Visual Studio Version 16
VisualStudioVersion = 16.0.32510.428
MinimumVisualStudioVersion = 10.0.40219.1
Project("{FAE04EC0-301F-11D3-BF4B-00C04F79EFBC}") = "Габитов_Михаил_Маратович_7", "Габитов_Михаил_Маратович_7\Габитов_Михаил_Маратович_7.csproj", "{53CE8D00-2A36-43E9-9A65-4BBE4FBA7E8A}"
EndProject
Global
	GlobalSection(SolutionConfigurationPlatforms) = preSolution
		Debug|Any CPU = Debug|Any CPU
		Release|Any CPU = Release|Any CPU
	EndGlobalSection
	GlobalSection(ProjectConfigurationPlatforms) = postSolution
		{53CE8D00-2A36-43E9-9A65-4BBE4FBA7E8A}.Debug|Any CPU.ActiveCfg = Debug|Any CPU
		{53CE8D00-2A36-43E9-9A65-4BBE4FBA7E8A}.Debug|Any CPU.Build.0 = Debug|Any CPU
		{53CE8D00-2A36-43E9-9A65-4BBE4FBA7E8A}.Release|Any CPU.ActiveCfg = Release|Any CPU
		{53CE8D00-2A36-43E9-9A65-4BBE4FBA7E8A}.Release|Any CPU.Build.0 = Release|Any CPU
	EndGlobalSection
	GlobalSection(SolutionProperties) = preSolution
		HideSolutionNode = FALSE
	EndGlobalSection
	GlobalSection(ExtensibilityGlobals) = postSolution
		SolutionGuid = {265260A7-770B-41C7-97E1-210C56E9CB09}
	EndGlobalSection
EndGlobal
